
Microsoft Visual Studio Solution File, Format Version 12.00
# Visual Studio Version 17
VisualStudioVersion = 17.10.34928.147
MinimumVisualStudioVersion = 10.0.40219.1
Project("{FAE04EC0-301F-11D3-BF4B-00C04F79EFBC}") = "TimeSprout", "TimeSprout.csproj", "{7421B7A0-0A73-42BE-B0B3-E0245A1C3AEA}"
EndProject
Global
	GlobalSection(SolutionConfigurationPlatforms) = preSolution
		2024-06-06|Any CPU = 2024-06-06|Any CPU
		Debug|Any CPU = Debug|Any CPU
		Release|Any CPU = Release|Any CPU
	EndGlobalSection
	GlobalSection(ProjectConfigurationPlatforms) = postSolution
		{7421B7A0-0A73-42BE-B0B3-E0245A1C3AEA}.2024-06-06|Any CPU.ActiveCfg = 2024-06-06|Any CPU
		{7421B7A0-0A73-42BE-B0B3-E0245A1C3AEA}.2024-06-06|Any CPU.Build.0 = 2024-06-06|Any CPU
		{7421B7A0-0A73-42BE-B0B3-E0245A1C3AEA}.Debug|Any CPU.ActiveCfg = Debug|Any CPU
		{7421B7A0-0A73-42BE-B0B3-E0245A1C3AEA}.Debug|Any CPU.Build.0 = Debug|Any CPU
		{7421B7A0-0A73-42BE-B0B3-E0245A1C3AEA}.Release|Any CPU.ActiveCfg = Release|Any CPU
		{7421B7A0-0A73-42BE-B0B3-E0245A1C3AEA}.Release|Any CPU.Build.0 = Release|Any CPU
	EndGlobalSection
	GlobalSection(SolutionProperties) = preSolution
		HideSolutionNode = FALSE
	EndGlobalSection
	GlobalSection(ExtensibilityGlobals) = postSolution
		SolutionGuid = {88EACDFE-B4C1-4105-AF3F-100C066FB109}
	EndGlobalSection
EndGlobal
